
Microsoft Visual Studio Solution File, Format Version 12.00
# Visual Studio Version 17
VisualStudioVersion = 17.4.33213.308
MinimumVisualStudioVersion = 10.0.40219.1
Project("{9A19103F-16F7-4668-BE54-9A1E7A4F7556}") = "TestClassLibrary", "TestClassLibrary\TestClassLibrary.csproj", "{3BDF2645-3A3A-4010-BD84-DAAB3486407E}"
EndProject
Project("{9A19103F-16F7-4668-BE54-9A1E7A4F7556}") = "TestProject", "TestProject\TestProject.csproj", "{0A9E0E5E-EF37-436C-BE5B-2743B77578E7}"
EndProject
Project("{2150E333-8FDC-42A3-9474-1A3956D46DE8}") = "Элементы решения", "Элементы решения", "{29F60611-6ABF-4403-B177-46BF9BE8BCCA}"
	ProjectSection(SolutionItems) = preProject
		SqlQuery_1.sql = SqlQuery_1.sql
	EndProjectSection
EndProject
Global
	GlobalSection(SolutionConfigurationPlatforms) = preSolution
		Debug|Any CPU = Debug|Any CPU
		Release|Any CPU = Release|Any CPU
	EndGlobalSection
	GlobalSection(ProjectConfigurationPlatforms) = postSolution
		{3BDF2645-3A3A-4010-BD84-DAAB3486407E}.Debug|Any CPU.ActiveCfg = Debug|Any CPU
		{3BDF2645-3A3A-4010-BD84-DAAB3486407E}.Debug|Any CPU.Build.0 = Debug|Any CPU
		{3BDF2645-3A3A-4010-BD84-DAAB3486407E}.Release|Any CPU.ActiveCfg = Release|Any CPU
		{3BDF2645-3A3A-4010-BD84-DAAB3486407E}.Release|Any CPU.Build.0 = Release|Any CPU
		{0A9E0E5E-EF37-436C-BE5B-2743B77578E7}.Debug|Any CPU.ActiveCfg = Debug|Any CPU
		{0A9E0E5E-EF37-436C-BE5B-2743B77578E7}.Debug|Any CPU.Build.0 = Debug|Any CPU
		{0A9E0E5E-EF37-436C-BE5B-2743B77578E7}.Release|Any CPU.ActiveCfg = Release|Any CPU
		{0A9E0E5E-EF37-436C-BE5B-2743B77578E7}.Release|Any CPU.Build.0 = Release|Any CPU
	EndGlobalSection
	GlobalSection(SolutionProperties) = preSolution
		HideSolutionNode = FALSE
	EndGlobalSection
	GlobalSection(ExtensibilityGlobals) = postSolution
		SolutionGuid = {D1D283B9-3CBC-4688-9676-3A1FD26D756F}
	EndGlobalSection
EndGlobal
